
Microsoft Visual Studio Solution File, Format Version 12.00
# Visual Studio Version 16
VisualStudioVersion = 16.0.31205.134
MinimumVisualStudioVersion = 10.0.40219.1
Project("{FAE04EC0-301F-11D3-BF4B-00C04F79EFBC}") = "CustomException", "CustomException\CustomException.csproj", "{FBD78AA2-2267-4DB3-A929-72C672E94530}"
EndProject
Global
	GlobalSection(SolutionConfigurationPlatforms) = preSolution
		Debug|Any CPU = Debug|Any CPU
		Release|Any CPU = Release|Any CPU
	EndGlobalSection
	GlobalSection(ProjectConfigurationPlatforms) = postSolution
		{FBD78AA2-2267-4DB3-A929-72C672E94530}.Debug|Any CPU.ActiveCfg = Debug|Any CPU
		{FBD78AA2-2267-4DB3-A929-72C672E94530}.Debug|Any CPU.Build.0 = Debug|Any CPU
		{FBD78AA2-2267-4DB3-A929-72C672E94530}.Release|Any CPU.ActiveCfg = Release|Any CPU
		{FBD78AA2-2267-4DB3-A929-72C672E94530}.Release|Any CPU.Build.0 = Release|Any CPU
	EndGlobalSection
	GlobalSection(SolutionProperties) = preSolution
		HideSolutionNode = FALSE
	EndGlobalSection
	GlobalSection(ExtensibilityGlobals) = postSolution
		SolutionGuid = {99AE522A-C6E4-41F2-8503-11AF8AE4AF22}
	EndGlobalSection
EndGlobal
