
Microsoft Visual Studio Solution File, Format Version 12.00
# Visual Studio Version 16
VisualStudioVersion = 16.0.31105.61
MinimumVisualStudioVersion = 10.0.40219.1
Project("{FAE04EC0-301F-11D3-BF4B-00C04F79EFBC}") = "Bai02", "Bai02\Bai02.csproj", "{A6FFE406-0D65-4E79-BE5D-2EB6D9631C76}"
EndProject
Global
	GlobalSection(SolutionConfigurationPlatforms) = preSolution
		Debug|Any CPU = Debug|Any CPU
		Release|Any CPU = Release|Any CPU
	EndGlobalSection
	GlobalSection(ProjectConfigurationPlatforms) = postSolution
		{A6FFE406-0D65-4E79-BE5D-2EB6D9631C76}.Debug|Any CPU.ActiveCfg = Debug|Any CPU
		{A6FFE406-0D65-4E79-BE5D-2EB6D9631C76}.Debug|Any CPU.Build.0 = Debug|Any CPU
		{A6FFE406-0D65-4E79-BE5D-2EB6D9631C76}.Release|Any CPU.ActiveCfg = Release|Any CPU
		{A6FFE406-0D65-4E79-BE5D-2EB6D9631C76}.Release|Any CPU.Build.0 = Release|Any CPU
	EndGlobalSection
	GlobalSection(SolutionProperties) = preSolution
		HideSolutionNode = FALSE
	EndGlobalSection
	GlobalSection(ExtensibilityGlobals) = postSolution
		SolutionGuid = {A7BE75E1-D727-4661-A2CF-C9B19FAFA445}
	EndGlobalSection
EndGlobal
