
Microsoft Visual Studio Solution File, Format Version 12.00
# Visual Studio Version 16
VisualStudioVersion = 16.0.31105.61
MinimumVisualStudioVersion = 10.0.40219.1
Project("{FAE04EC0-301F-11D3-BF4B-00C04F79EFBC}") = "Exercise 7", "Exercise 7\Exercise 7.csproj", "{A60ECDFB-AD51-4F6D-B4D4-1BD50EC98588}"
EndProject
Global
	GlobalSection(SolutionConfigurationPlatforms) = preSolution
		Debug|Any CPU = Debug|Any CPU
		Release|Any CPU = Release|Any CPU
	EndGlobalSection
	GlobalSection(ProjectConfigurationPlatforms) = postSolution
		{A60ECDFB-AD51-4F6D-B4D4-1BD50EC98588}.Debug|Any CPU.ActiveCfg = Debug|Any CPU
		{A60ECDFB-AD51-4F6D-B4D4-1BD50EC98588}.Debug|Any CPU.Build.0 = Debug|Any CPU
		{A60ECDFB-AD51-4F6D-B4D4-1BD50EC98588}.Release|Any CPU.ActiveCfg = Release|Any CPU
		{A60ECDFB-AD51-4F6D-B4D4-1BD50EC98588}.Release|Any CPU.Build.0 = Release|Any CPU
	EndGlobalSection
	GlobalSection(SolutionProperties) = preSolution
		HideSolutionNode = FALSE
	EndGlobalSection
	GlobalSection(ExtensibilityGlobals) = postSolution
		SolutionGuid = {BD153CE4-06C0-4661-9985-291BD0213308}
	EndGlobalSection
EndGlobal
