
Microsoft Visual Studio Solution File, Format Version 12.00
# Visual Studio Version 16
VisualStudioVersion = 16.0.31105.61
MinimumVisualStudioVersion = 10.0.40219.1
Project("{FAE04EC0-301F-11D3-BF4B-00C04F79EFBC}") = "Bai06", "Bai06\Bai06.csproj", "{B71F8EBF-B5A7-41BF-B1E3-CA4237EF3EBB}"
EndProject
Global
	GlobalSection(SolutionConfigurationPlatforms) = preSolution
		Debug|Any CPU = Debug|Any CPU
		Release|Any CPU = Release|Any CPU
	EndGlobalSection
	GlobalSection(ProjectConfigurationPlatforms) = postSolution
		{B71F8EBF-B5A7-41BF-B1E3-CA4237EF3EBB}.Debug|Any CPU.ActiveCfg = Debug|Any CPU
		{B71F8EBF-B5A7-41BF-B1E3-CA4237EF3EBB}.Debug|Any CPU.Build.0 = Debug|Any CPU
		{B71F8EBF-B5A7-41BF-B1E3-CA4237EF3EBB}.Release|Any CPU.ActiveCfg = Release|Any CPU
		{B71F8EBF-B5A7-41BF-B1E3-CA4237EF3EBB}.Release|Any CPU.Build.0 = Release|Any CPU
	EndGlobalSection
	GlobalSection(SolutionProperties) = preSolution
		HideSolutionNode = FALSE
	EndGlobalSection
	GlobalSection(ExtensibilityGlobals) = postSolution
		SolutionGuid = {21CCBC98-B8E2-42DD-BA44-44F4A10AD4F2}
	EndGlobalSection
EndGlobal
