
Microsoft Visual Studio Solution File, Format Version 12.00
# Visual Studio Version 16
VisualStudioVersion = 16.0.31205.134
MinimumVisualStudioVersion = 10.0.40219.1
Project("{FAE04EC0-301F-11D3-BF4B-00C04F79EFBC}") = "Static", "Static\Static.csproj", "{C234D00C-0AD6-4F12-BB49-862DD693186F}"
EndProject
Global
	GlobalSection(SolutionConfigurationPlatforms) = preSolution
		Debug|Any CPU = Debug|Any CPU
		Release|Any CPU = Release|Any CPU
	EndGlobalSection
	GlobalSection(ProjectConfigurationPlatforms) = postSolution
		{C234D00C-0AD6-4F12-BB49-862DD693186F}.Debug|Any CPU.ActiveCfg = Debug|Any CPU
		{C234D00C-0AD6-4F12-BB49-862DD693186F}.Debug|Any CPU.Build.0 = Debug|Any CPU
		{C234D00C-0AD6-4F12-BB49-862DD693186F}.Release|Any CPU.ActiveCfg = Release|Any CPU
		{C234D00C-0AD6-4F12-BB49-862DD693186F}.Release|Any CPU.Build.0 = Release|Any CPU
	EndGlobalSection
	GlobalSection(SolutionProperties) = preSolution
		HideSolutionNode = FALSE
	EndGlobalSection
	GlobalSection(ExtensibilityGlobals) = postSolution
		SolutionGuid = {1F63E6D3-BCB0-42F5-AA4D-EE74B94D2737}
	EndGlobalSection
EndGlobal
