
Microsoft Visual Studio Solution File, Format Version 12.00
# Visual Studio Version 16
VisualStudioVersion = 16.0.31205.134
MinimumVisualStudioVersion = 10.0.40219.1
Project("{FAE04EC0-301F-11D3-BF4B-00C04F79EFBC}") = "OverloadOperator", "OverloadOperator\OverloadOperator.csproj", "{BD3BFFCF-0431-4B87-98FE-B79A963AC62F}"
EndProject
Global
	GlobalSection(SolutionConfigurationPlatforms) = preSolution
		Debug|Any CPU = Debug|Any CPU
		Release|Any CPU = Release|Any CPU
	EndGlobalSection
	GlobalSection(ProjectConfigurationPlatforms) = postSolution
		{BD3BFFCF-0431-4B87-98FE-B79A963AC62F}.Debug|Any CPU.ActiveCfg = Debug|Any CPU
		{BD3BFFCF-0431-4B87-98FE-B79A963AC62F}.Debug|Any CPU.Build.0 = Debug|Any CPU
		{BD3BFFCF-0431-4B87-98FE-B79A963AC62F}.Release|Any CPU.ActiveCfg = Release|Any CPU
		{BD3BFFCF-0431-4B87-98FE-B79A963AC62F}.Release|Any CPU.Build.0 = Release|Any CPU
	EndGlobalSection
	GlobalSection(SolutionProperties) = preSolution
		HideSolutionNode = FALSE
	EndGlobalSection
	GlobalSection(ExtensibilityGlobals) = postSolution
		SolutionGuid = {FF961917-4E03-43C6-A8AF-46782C3BD528}
	EndGlobalSection
EndGlobal
