
Microsoft Visual Studio Solution File, Format Version 12.00
# Visual Studio Version 16
VisualStudioVersion = 16.0.31105.61
MinimumVisualStudioVersion = 10.0.40219.1
Project("{FAE04EC0-301F-11D3-BF4B-00C04F79EFBC}") = "Bai05", "Bai05\Bai05.csproj", "{A6C5C6C1-E948-49E4-84C8-E8FC5640108D}"
EndProject
Global
	GlobalSection(SolutionConfigurationPlatforms) = preSolution
		Debug|Any CPU = Debug|Any CPU
		Release|Any CPU = Release|Any CPU
	EndGlobalSection
	GlobalSection(ProjectConfigurationPlatforms) = postSolution
		{A6C5C6C1-E948-49E4-84C8-E8FC5640108D}.Debug|Any CPU.ActiveCfg = Debug|Any CPU
		{A6C5C6C1-E948-49E4-84C8-E8FC5640108D}.Debug|Any CPU.Build.0 = Debug|Any CPU
		{A6C5C6C1-E948-49E4-84C8-E8FC5640108D}.Release|Any CPU.ActiveCfg = Release|Any CPU
		{A6C5C6C1-E948-49E4-84C8-E8FC5640108D}.Release|Any CPU.Build.0 = Release|Any CPU
	EndGlobalSection
	GlobalSection(SolutionProperties) = preSolution
		HideSolutionNode = FALSE
	EndGlobalSection
	GlobalSection(ExtensibilityGlobals) = postSolution
		SolutionGuid = {CE638B5C-0B8B-47B3-8948-DF926432D299}
	EndGlobalSection
EndGlobal
