
Microsoft Visual Studio Solution File, Format Version 12.00
# Visual Studio Version 16
VisualStudioVersion = 16.0.31205.134
MinimumVisualStudioVersion = 10.0.40219.1
Project("{FAE04EC0-301F-11D3-BF4B-00C04F79EFBC}") = "BankAccount", "BankAccount\BankAccount.csproj", "{040D48D6-6A70-4D17-94BC-ACB036284B99}"
EndProject
Global
	GlobalSection(SolutionConfigurationPlatforms) = preSolution
		Debug|Any CPU = Debug|Any CPU
		Release|Any CPU = Release|Any CPU
	EndGlobalSection
	GlobalSection(ProjectConfigurationPlatforms) = postSolution
		{040D48D6-6A70-4D17-94BC-ACB036284B99}.Debug|Any CPU.ActiveCfg = Debug|Any CPU
		{040D48D6-6A70-4D17-94BC-ACB036284B99}.Debug|Any CPU.Build.0 = Debug|Any CPU
		{040D48D6-6A70-4D17-94BC-ACB036284B99}.Release|Any CPU.ActiveCfg = Release|Any CPU
		{040D48D6-6A70-4D17-94BC-ACB036284B99}.Release|Any CPU.Build.0 = Release|Any CPU
	EndGlobalSection
	GlobalSection(SolutionProperties) = preSolution
		HideSolutionNode = FALSE
	EndGlobalSection
	GlobalSection(ExtensibilityGlobals) = postSolution
		SolutionGuid = {651CB7E6-CB89-4789-8C00-8B90C9F7359A}
	EndGlobalSection
EndGlobal
