
Microsoft Visual Studio Solution File, Format Version 12.00
# Visual Studio Version 16
VisualStudioVersion = 16.0.31205.134
MinimumVisualStudioVersion = 10.0.40219.1
Project("{FAE04EC0-301F-11D3-BF4B-00C04F79EFBC}") = "TimerProgram", "TimerProgram\TimerProgram.csproj", "{C5DF7355-DB9E-4352-B04E-536EC4CEC1EA}"
EndProject
Global
	GlobalSection(SolutionConfigurationPlatforms) = preSolution
		Debug|Any CPU = Debug|Any CPU
		Release|Any CPU = Release|Any CPU
	EndGlobalSection
	GlobalSection(ProjectConfigurationPlatforms) = postSolution
		{C5DF7355-DB9E-4352-B04E-536EC4CEC1EA}.Debug|Any CPU.ActiveCfg = Debug|Any CPU
		{C5DF7355-DB9E-4352-B04E-536EC4CEC1EA}.Debug|Any CPU.Build.0 = Debug|Any CPU
		{C5DF7355-DB9E-4352-B04E-536EC4CEC1EA}.Release|Any CPU.ActiveCfg = Release|Any CPU
		{C5DF7355-DB9E-4352-B04E-536EC4CEC1EA}.Release|Any CPU.Build.0 = Release|Any CPU
	EndGlobalSection
	GlobalSection(SolutionProperties) = preSolution
		HideSolutionNode = FALSE
	EndGlobalSection
	GlobalSection(ExtensibilityGlobals) = postSolution
		SolutionGuid = {0BB14DDC-98BB-4098-87C8-50E3CAFABF5B}
	EndGlobalSection
EndGlobal
