
Microsoft Visual Studio Solution File, Format Version 12.00
# Visual Studio Version 16
VisualStudioVersion = 16.0.31105.61
MinimumVisualStudioVersion = 10.0.40219.1
Project("{FAE04EC0-301F-11D3-BF4B-00C04F79EFBC}") = "Inheritance", "Exercise 2\Inheritance.csproj", "{3B5AE1D4-D480-41C0-91B5-A5A0DB4BF256}"
EndProject
Project("{FAE04EC0-301F-11D3-BF4B-00C04F79EFBC}") = "InitialBaseClass", "InitialBaseClass\InitialBaseClass.csproj", "{123E8DEA-25D3-42A2-BEEE-92DE726A0B04}"
EndProject
Global
	GlobalSection(SolutionConfigurationPlatforms) = preSolution
		Debug|Any CPU = Debug|Any CPU
		Release|Any CPU = Release|Any CPU
	EndGlobalSection
	GlobalSection(ProjectConfigurationPlatforms) = postSolution
		{3B5AE1D4-D480-41C0-91B5-A5A0DB4BF256}.Debug|Any CPU.ActiveCfg = Debug|Any CPU
		{3B5AE1D4-D480-41C0-91B5-A5A0DB4BF256}.Debug|Any CPU.Build.0 = Debug|Any CPU
		{3B5AE1D4-D480-41C0-91B5-A5A0DB4BF256}.Release|Any CPU.ActiveCfg = Release|Any CPU
		{3B5AE1D4-D480-41C0-91B5-A5A0DB4BF256}.Release|Any CPU.Build.0 = Release|Any CPU
		{123E8DEA-25D3-42A2-BEEE-92DE726A0B04}.Debug|Any CPU.ActiveCfg = Debug|Any CPU
		{123E8DEA-25D3-42A2-BEEE-92DE726A0B04}.Debug|Any CPU.Build.0 = Debug|Any CPU
		{123E8DEA-25D3-42A2-BEEE-92DE726A0B04}.Release|Any CPU.ActiveCfg = Release|Any CPU
		{123E8DEA-25D3-42A2-BEEE-92DE726A0B04}.Release|Any CPU.Build.0 = Release|Any CPU
	EndGlobalSection
	GlobalSection(SolutionProperties) = preSolution
		HideSolutionNode = FALSE
	EndGlobalSection
	GlobalSection(ExtensibilityGlobals) = postSolution
		SolutionGuid = {028CB4FD-601F-4E13-BE65-83B040E65AE1}
	EndGlobalSection
EndGlobal
