
Microsoft Visual Studio Solution File, Format Version 12.00
# Visual Studio Version 16
VisualStudioVersion = 16.0.31105.61
MinimumVisualStudioVersion = 10.0.40219.1
Project("{FAE04EC0-301F-11D3-BF4B-00C04F79EFBC}") = "Bai02", "Bai02\Bai02.csproj", "{DD22FE66-B68A-4EC6-9209-B8770B26187A}"
EndProject
Global
	GlobalSection(SolutionConfigurationPlatforms) = preSolution
		Debug|Any CPU = Debug|Any CPU
		Release|Any CPU = Release|Any CPU
	EndGlobalSection
	GlobalSection(ProjectConfigurationPlatforms) = postSolution
		{DD22FE66-B68A-4EC6-9209-B8770B26187A}.Debug|Any CPU.ActiveCfg = Debug|Any CPU
		{DD22FE66-B68A-4EC6-9209-B8770B26187A}.Debug|Any CPU.Build.0 = Debug|Any CPU
		{DD22FE66-B68A-4EC6-9209-B8770B26187A}.Release|Any CPU.ActiveCfg = Release|Any CPU
		{DD22FE66-B68A-4EC6-9209-B8770B26187A}.Release|Any CPU.Build.0 = Release|Any CPU
	EndGlobalSection
	GlobalSection(SolutionProperties) = preSolution
		HideSolutionNode = FALSE
	EndGlobalSection
	GlobalSection(ExtensibilityGlobals) = postSolution
		SolutionGuid = {08924513-ED3F-4ABE-97DC-6925CD634625}
	EndGlobalSection
EndGlobal
