
Microsoft Visual Studio Solution File, Format Version 12.00
# Visual Studio Version 16
VisualStudioVersion = 16.0.31105.61
MinimumVisualStudioVersion = 10.0.40219.1
Project("{FAE04EC0-301F-11D3-BF4B-00C04F79EFBC}") = "Bai05", "Bai05\Bai05.csproj", "{C88E2675-CD9B-4D9B-98CE-6E1FAE9BCD6F}"
EndProject
Global
	GlobalSection(SolutionConfigurationPlatforms) = preSolution
		Debug|Any CPU = Debug|Any CPU
		Release|Any CPU = Release|Any CPU
	EndGlobalSection
	GlobalSection(ProjectConfigurationPlatforms) = postSolution
		{C88E2675-CD9B-4D9B-98CE-6E1FAE9BCD6F}.Debug|Any CPU.ActiveCfg = Debug|Any CPU
		{C88E2675-CD9B-4D9B-98CE-6E1FAE9BCD6F}.Debug|Any CPU.Build.0 = Debug|Any CPU
		{C88E2675-CD9B-4D9B-98CE-6E1FAE9BCD6F}.Release|Any CPU.ActiveCfg = Release|Any CPU
		{C88E2675-CD9B-4D9B-98CE-6E1FAE9BCD6F}.Release|Any CPU.Build.0 = Release|Any CPU
	EndGlobalSection
	GlobalSection(SolutionProperties) = preSolution
		HideSolutionNode = FALSE
	EndGlobalSection
	GlobalSection(ExtensibilityGlobals) = postSolution
		SolutionGuid = {558F1028-FE68-4C77-AF6A-77AD5B35F49F}
	EndGlobalSection
EndGlobal
