
Microsoft Visual Studio Solution File, Format Version 12.00
# Visual Studio Version 16
VisualStudioVersion = 16.0.31205.134
MinimumVisualStudioVersion = 10.0.40219.1
Project("{FAE04EC0-301F-11D3-BF4B-00C04F79EFBC}") = "Lambda", "Lambda\Lambda.csproj", "{36327B6F-058A-4B03-8CE9-E84EDD490019}"
EndProject
Global
	GlobalSection(SolutionConfigurationPlatforms) = preSolution
		Debug|Any CPU = Debug|Any CPU
		Release|Any CPU = Release|Any CPU
	EndGlobalSection
	GlobalSection(ProjectConfigurationPlatforms) = postSolution
		{36327B6F-058A-4B03-8CE9-E84EDD490019}.Debug|Any CPU.ActiveCfg = Debug|Any CPU
		{36327B6F-058A-4B03-8CE9-E84EDD490019}.Debug|Any CPU.Build.0 = Debug|Any CPU
		{36327B6F-058A-4B03-8CE9-E84EDD490019}.Release|Any CPU.ActiveCfg = Release|Any CPU
		{36327B6F-058A-4B03-8CE9-E84EDD490019}.Release|Any CPU.Build.0 = Release|Any CPU
	EndGlobalSection
	GlobalSection(SolutionProperties) = preSolution
		HideSolutionNode = FALSE
	EndGlobalSection
	GlobalSection(ExtensibilityGlobals) = postSolution
		SolutionGuid = {545020A6-0C84-4852-979C-5D70FC1B3374}
	EndGlobalSection
EndGlobal
