
Microsoft Visual Studio Solution File, Format Version 12.00
# Visual Studio Version 16
VisualStudioVersion = 16.0.31105.61
MinimumVisualStudioVersion = 10.0.40219.1
Project("{FAE04EC0-301F-11D3-BF4B-00C04F79EFBC}") = "Exercise 1", "Exercise 1\Exercise 1.csproj", "{C494D35D-CA23-4697-BC5F-E4496A593768}"
EndProject
Global
	GlobalSection(SolutionConfigurationPlatforms) = preSolution
		Debug|Any CPU = Debug|Any CPU
		Release|Any CPU = Release|Any CPU
	EndGlobalSection
	GlobalSection(ProjectConfigurationPlatforms) = postSolution
		{C494D35D-CA23-4697-BC5F-E4496A593768}.Debug|Any CPU.ActiveCfg = Debug|Any CPU
		{C494D35D-CA23-4697-BC5F-E4496A593768}.Debug|Any CPU.Build.0 = Debug|Any CPU
		{C494D35D-CA23-4697-BC5F-E4496A593768}.Release|Any CPU.ActiveCfg = Release|Any CPU
		{C494D35D-CA23-4697-BC5F-E4496A593768}.Release|Any CPU.Build.0 = Release|Any CPU
	EndGlobalSection
	GlobalSection(SolutionProperties) = preSolution
		HideSolutionNode = FALSE
	EndGlobalSection
	GlobalSection(ExtensibilityGlobals) = postSolution
		SolutionGuid = {A8C99A09-BCD2-487D-9134-AEFD2F8CA1BB}
	EndGlobalSection
EndGlobal
