
Microsoft Visual Studio Solution File, Format Version 12.00
# Visual Studio Version 16
VisualStudioVersion = 16.0.31205.134
MinimumVisualStudioVersion = 10.0.40219.1
Project("{FAE04EC0-301F-11D3-BF4B-00C04F79EFBC}") = "Bai03", "Bai03\Bai03.csproj", "{364F0842-1656-47C7-B03C-B56B83E32E2B}"
EndProject
Global
	GlobalSection(SolutionConfigurationPlatforms) = preSolution
		Debug|Any CPU = Debug|Any CPU
		Release|Any CPU = Release|Any CPU
	EndGlobalSection
	GlobalSection(ProjectConfigurationPlatforms) = postSolution
		{364F0842-1656-47C7-B03C-B56B83E32E2B}.Debug|Any CPU.ActiveCfg = Debug|Any CPU
		{364F0842-1656-47C7-B03C-B56B83E32E2B}.Debug|Any CPU.Build.0 = Debug|Any CPU
		{364F0842-1656-47C7-B03C-B56B83E32E2B}.Release|Any CPU.ActiveCfg = Release|Any CPU
		{364F0842-1656-47C7-B03C-B56B83E32E2B}.Release|Any CPU.Build.0 = Release|Any CPU
	EndGlobalSection
	GlobalSection(SolutionProperties) = preSolution
		HideSolutionNode = FALSE
	EndGlobalSection
	GlobalSection(ExtensibilityGlobals) = postSolution
		SolutionGuid = {E14E13A7-25AB-464A-B5B9-C80068062931}
	EndGlobalSection
EndGlobal
