
Microsoft Visual Studio Solution File, Format Version 12.00
# Visual Studio Version 16
VisualStudioVersion = 16.0.31205.134
MinimumVisualStudioVersion = 10.0.40219.1
Project("{FAE04EC0-301F-11D3-BF4B-00C04F79EFBC}") = "StandardEvent", "StandardEvent\StandardEvent.csproj", "{FC2E1291-E19B-4D36-95BE-E5877600B58C}"
EndProject
Global
	GlobalSection(SolutionConfigurationPlatforms) = preSolution
		Debug|Any CPU = Debug|Any CPU
		Release|Any CPU = Release|Any CPU
	EndGlobalSection
	GlobalSection(ProjectConfigurationPlatforms) = postSolution
		{FC2E1291-E19B-4D36-95BE-E5877600B58C}.Debug|Any CPU.ActiveCfg = Debug|Any CPU
		{FC2E1291-E19B-4D36-95BE-E5877600B58C}.Debug|Any CPU.Build.0 = Debug|Any CPU
		{FC2E1291-E19B-4D36-95BE-E5877600B58C}.Release|Any CPU.ActiveCfg = Release|Any CPU
		{FC2E1291-E19B-4D36-95BE-E5877600B58C}.Release|Any CPU.Build.0 = Release|Any CPU
	EndGlobalSection
	GlobalSection(SolutionProperties) = preSolution
		HideSolutionNode = FALSE
	EndGlobalSection
	GlobalSection(ExtensibilityGlobals) = postSolution
		SolutionGuid = {F84C6062-D372-4570-A95B-01D48F47BF87}
	EndGlobalSection
EndGlobal
