
Microsoft Visual Studio Solution File, Format Version 12.00
# Visual Studio Version 16
VisualStudioVersion = 16.0.31105.61
MinimumVisualStudioVersion = 10.0.40219.1
Project("{FAE04EC0-301F-11D3-BF4B-00C04F79EFBC}") = "Bai03", "Bai03\Bai03.csproj", "{4386E1BA-8BFE-47EA-B7F6-7D5C809342FD}"
EndProject
Global
	GlobalSection(SolutionConfigurationPlatforms) = preSolution
		Debug|Any CPU = Debug|Any CPU
		Release|Any CPU = Release|Any CPU
	EndGlobalSection
	GlobalSection(ProjectConfigurationPlatforms) = postSolution
		{4386E1BA-8BFE-47EA-B7F6-7D5C809342FD}.Debug|Any CPU.ActiveCfg = Debug|Any CPU
		{4386E1BA-8BFE-47EA-B7F6-7D5C809342FD}.Debug|Any CPU.Build.0 = Debug|Any CPU
		{4386E1BA-8BFE-47EA-B7F6-7D5C809342FD}.Release|Any CPU.ActiveCfg = Release|Any CPU
		{4386E1BA-8BFE-47EA-B7F6-7D5C809342FD}.Release|Any CPU.Build.0 = Release|Any CPU
	EndGlobalSection
	GlobalSection(SolutionProperties) = preSolution
		HideSolutionNode = FALSE
	EndGlobalSection
	GlobalSection(ExtensibilityGlobals) = postSolution
		SolutionGuid = {0EC4FF49-2043-4DFF-B995-1596A5F0C2E8}
	EndGlobalSection
EndGlobal
