
Microsoft Visual Studio Solution File, Format Version 12.00
# Visual Studio Version 16
VisualStudioVersion = 16.0.31105.61
MinimumVisualStudioVersion = 10.0.40219.1
Project("{FAE04EC0-301F-11D3-BF4B-00C04F79EFBC}") = "Bai04", "Bai04\Bai04.csproj", "{27DC37EF-2B71-49A1-B03B-344DBFEA74F6}"
EndProject
Global
	GlobalSection(SolutionConfigurationPlatforms) = preSolution
		Debug|Any CPU = Debug|Any CPU
		Release|Any CPU = Release|Any CPU
	EndGlobalSection
	GlobalSection(ProjectConfigurationPlatforms) = postSolution
		{27DC37EF-2B71-49A1-B03B-344DBFEA74F6}.Debug|Any CPU.ActiveCfg = Debug|Any CPU
		{27DC37EF-2B71-49A1-B03B-344DBFEA74F6}.Debug|Any CPU.Build.0 = Debug|Any CPU
		{27DC37EF-2B71-49A1-B03B-344DBFEA74F6}.Release|Any CPU.ActiveCfg = Release|Any CPU
		{27DC37EF-2B71-49A1-B03B-344DBFEA74F6}.Release|Any CPU.Build.0 = Release|Any CPU
	EndGlobalSection
	GlobalSection(SolutionProperties) = preSolution
		HideSolutionNode = FALSE
	EndGlobalSection
	GlobalSection(ExtensibilityGlobals) = postSolution
		SolutionGuid = {4DE3528D-1CDF-42D0-BB11-3582105F8D97}
	EndGlobalSection
EndGlobal
